
Microsoft Visual Studio Solution File, Format Version 12.00
# Visual Studio 15
VisualStudioVersion = 15.0.26124.0
MinimumVisualStudioVersion = 15.0.26124.0
Project("{9A19103F-16F7-4668-BE54-9A1E7A4F7556}") = "GoTimeDomain.Host", "GoTimeDomain.Host\GoTimeDomain.Host.csproj", "{98FDA303-ED0E-4E96-A5E8-9E6AFBE7C69A}"
EndProject
Project("{9A19103F-16F7-4668-BE54-9A1E7A4F7556}") = "GoTime.Adapters", "GoTime.Adapters\GoTime.Adapters.csproj", "{CF99DA84-1510-48B5-AB64-BE128D3FF00B}"
EndProject
Project("{9A19103F-16F7-4668-BE54-9A1E7A4F7556}") = "GoTime.Domain", "GoTime.Domain\GoTime.Domain.csproj", "{84D56709-47C2-40FF-A4A2-140910CA7ECC}"
EndProject
Project("{9A19103F-16F7-4668-BE54-9A1E7A4F7556}") = "GoTimeDomain.Tests", "GoTimeDomain.Tests\GoTimeDomain.Tests.csproj", "{FF1F71CC-EEC5-4441-87FE-182104E2BEF9}"
EndProject
Project("{FAE04EC0-301F-11D3-BF4B-00C04F79EFBC}") = "GoTime.ApplicationServices", "GoTime.ApplicationServices\GoTime.ApplicationServices.csproj", "{812336E7-DD3B-4F35-83D6-CBAA8FA8CB18}"
EndProject
Project("{FAE04EC0-301F-11D3-BF4B-00C04F79EFBC}") = "GoTime.Models", "GoTime.Models\GoTime.Models.csproj", "{5F32C307-7AAE-40B4-B9EB-707D0D905F9F}"
EndProject
Global
	GlobalSection(SolutionConfigurationPlatforms) = preSolution
		Debug|Any CPU = Debug|Any CPU
		Debug|x64 = Debug|x64
		Debug|x86 = Debug|x86
		Release|Any CPU = Release|Any CPU
		Release|x64 = Release|x64
		Release|x86 = Release|x86
	EndGlobalSection
	GlobalSection(ProjectConfigurationPlatforms) = postSolution
		{98FDA303-ED0E-4E96-A5E8-9E6AFBE7C69A}.Debug|Any CPU.ActiveCfg = Debug|Any CPU
		{98FDA303-ED0E-4E96-A5E8-9E6AFBE7C69A}.Debug|Any CPU.Build.0 = Debug|Any CPU
		{98FDA303-ED0E-4E96-A5E8-9E6AFBE7C69A}.Debug|x64.ActiveCfg = Debug|Any CPU
		{98FDA303-ED0E-4E96-A5E8-9E6AFBE7C69A}.Debug|x64.Build.0 = Debug|Any CPU
		{98FDA303-ED0E-4E96-A5E8-9E6AFBE7C69A}.Debug|x86.ActiveCfg = Debug|Any CPU
		{98FDA303-ED0E-4E96-A5E8-9E6AFBE7C69A}.Debug|x86.Build.0 = Debug|Any CPU
		{98FDA303-ED0E-4E96-A5E8-9E6AFBE7C69A}.Release|Any CPU.ActiveCfg = Release|Any CPU
		{98FDA303-ED0E-4E96-A5E8-9E6AFBE7C69A}.Release|Any CPU.Build.0 = Release|Any CPU
		{98FDA303-ED0E-4E96-A5E8-9E6AFBE7C69A}.Release|x64.ActiveCfg = Release|Any CPU
		{98FDA303-ED0E-4E96-A5E8-9E6AFBE7C69A}.Release|x64.Build.0 = Release|Any CPU
		{98FDA303-ED0E-4E96-A5E8-9E6AFBE7C69A}.Release|x86.ActiveCfg = Release|Any CPU
		{98FDA303-ED0E-4E96-A5E8-9E6AFBE7C69A}.Release|x86.Build.0 = Release|Any CPU
		{CF99DA84-1510-48B5-AB64-BE128D3FF00B}.Debug|Any CPU.ActiveCfg = Debug|Any CPU
		{CF99DA84-1510-48B5-AB64-BE128D3FF00B}.Debug|Any CPU.Build.0 = Debug|Any CPU
		{CF99DA84-1510-48B5-AB64-BE128D3FF00B}.Debug|x64.ActiveCfg = Debug|Any CPU
		{CF99DA84-1510-48B5-AB64-BE128D3FF00B}.Debug|x64.Build.0 = Debug|Any CPU
		{CF99DA84-1510-48B5-AB64-BE128D3FF00B}.Debug|x86.ActiveCfg = Debug|Any CPU
		{CF99DA84-1510-48B5-AB64-BE128D3FF00B}.Debug|x86.Build.0 = Debug|Any CPU
		{CF99DA84-1510-48B5-AB64-BE128D3FF00B}.Release|Any CPU.ActiveCfg = Release|Any CPU
		{CF99DA84-1510-48B5-AB64-BE128D3FF00B}.Release|Any CPU.Build.0 = Release|Any CPU
		{CF99DA84-1510-48B5-AB64-BE128D3FF00B}.Release|x64.ActiveCfg = Release|Any CPU
		{CF99DA84-1510-48B5-AB64-BE128D3FF00B}.Release|x64.Build.0 = Release|Any CPU
		{CF99DA84-1510-48B5-AB64-BE128D3FF00B}.Release|x86.ActiveCfg = Release|Any CPU
		{CF99DA84-1510-48B5-AB64-BE128D3FF00B}.Release|x86.Build.0 = Release|Any CPU
		{84D56709-47C2-40FF-A4A2-140910CA7ECC}.Debug|Any CPU.ActiveCfg = Debug|Any CPU
		{84D56709-47C2-40FF-A4A2-140910CA7ECC}.Debug|Any CPU.Build.0 = Debug|Any CPU
		{84D56709-47C2-40FF-A4A2-140910CA7ECC}.Debug|x64.ActiveCfg = Debug|Any CPU
		{84D56709-47C2-40FF-A4A2-140910CA7ECC}.Debug|x64.Build.0 = Debug|Any CPU
		{84D56709-47C2-40FF-A4A2-140910CA7ECC}.Debug|x86.ActiveCfg = Debug|Any CPU
		{84D56709-47C2-40FF-A4A2-140910CA7ECC}.Debug|x86.Build.0 = Debug|Any CPU
		{84D56709-47C2-40FF-A4A2-140910CA7ECC}.Release|Any CPU.ActiveCfg = Release|Any CPU
		{84D56709-47C2-40FF-A4A2-140910CA7ECC}.Release|Any CPU.Build.0 = Release|Any CPU
		{84D56709-47C2-40FF-A4A2-140910CA7ECC}.Release|x64.ActiveCfg = Release|Any CPU
		{84D56709-47C2-40FF-A4A2-140910CA7ECC}.Release|x64.Build.0 = Release|Any CPU
		{84D56709-47C2-40FF-A4A2-140910CA7ECC}.Release|x86.ActiveCfg = Release|Any CPU
		{84D56709-47C2-40FF-A4A2-140910CA7ECC}.Release|x86.Build.0 = Release|Any CPU
		{FF1F71CC-EEC5-4441-87FE-182104E2BEF9}.Debug|Any CPU.ActiveCfg = Debug|Any CPU
		{FF1F71CC-EEC5-4441-87FE-182104E2BEF9}.Debug|Any CPU.Build.0 = Debug|Any CPU
		{FF1F71CC-EEC5-4441-87FE-182104E2BEF9}.Debug|x64.ActiveCfg = Debug|Any CPU
		{FF1F71CC-EEC5-4441-87FE-182104E2BEF9}.Debug|x64.Build.0 = Debug|Any CPU
		{FF1F71CC-EEC5-4441-87FE-182104E2BEF9}.Debug|x86.ActiveCfg = Debug|Any CPU
		{FF1F71CC-EEC5-4441-87FE-182104E2BEF9}.Debug|x86.Build.0 = Debug|Any CPU
		{FF1F71CC-EEC5-4441-87FE-182104E2BEF9}.Release|Any CPU.ActiveCfg = Release|Any CPU
		{FF1F71CC-EEC5-4441-87FE-182104E2BEF9}.Release|Any CPU.Build.0 = Release|Any CPU
		{FF1F71CC-EEC5-4441-87FE-182104E2BEF9}.Release|x64.ActiveCfg = Release|Any CPU
		{FF1F71CC-EEC5-4441-87FE-182104E2BEF9}.Release|x64.Build.0 = Release|Any CPU
		{FF1F71CC-EEC5-4441-87FE-182104E2BEF9}.Release|x86.ActiveCfg = Release|Any CPU
		{FF1F71CC-EEC5-4441-87FE-182104E2BEF9}.Release|x86.Build.0 = Release|Any CPU
		{812336E7-DD3B-4F35-83D6-CBAA8FA8CB18}.Debug|Any CPU.ActiveCfg = Debug|Any CPU
		{812336E7-DD3B-4F35-83D6-CBAA8FA8CB18}.Debug|Any CPU.Build.0 = Debug|Any CPU
		{812336E7-DD3B-4F35-83D6-CBAA8FA8CB18}.Debug|x64.ActiveCfg = Debug|Any CPU
		{812336E7-DD3B-4F35-83D6-CBAA8FA8CB18}.Debug|x64.Build.0 = Debug|Any CPU
		{812336E7-DD3B-4F35-83D6-CBAA8FA8CB18}.Debug|x86.ActiveCfg = Debug|Any CPU
		{812336E7-DD3B-4F35-83D6-CBAA8FA8CB18}.Debug|x86.Build.0 = Debug|Any CPU
		{812336E7-DD3B-4F35-83D6-CBAA8FA8CB18}.Release|Any CPU.ActiveCfg = Release|Any CPU
		{812336E7-DD3B-4F35-83D6-CBAA8FA8CB18}.Release|Any CPU.Build.0 = Release|Any CPU
		{812336E7-DD3B-4F35-83D6-CBAA8FA8CB18}.Release|x64.ActiveCfg = Release|Any CPU
		{812336E7-DD3B-4F35-83D6-CBAA8FA8CB18}.Release|x64.Build.0 = Release|Any CPU
		{812336E7-DD3B-4F35-83D6-CBAA8FA8CB18}.Release|x86.ActiveCfg = Release|Any CPU
		{812336E7-DD3B-4F35-83D6-CBAA8FA8CB18}.Release|x86.Build.0 = Release|Any CPU
		{5F32C307-7AAE-40B4-B9EB-707D0D905F9F}.Debug|Any CPU.ActiveCfg = Debug|Any CPU
		{5F32C307-7AAE-40B4-B9EB-707D0D905F9F}.Debug|Any CPU.Build.0 = Debug|Any CPU
		{5F32C307-7AAE-40B4-B9EB-707D0D905F9F}.Debug|x64.ActiveCfg = Debug|Any CPU
		{5F32C307-7AAE-40B4-B9EB-707D0D905F9F}.Debug|x64.Build.0 = Debug|Any CPU
		{5F32C307-7AAE-40B4-B9EB-707D0D905F9F}.Debug|x86.ActiveCfg = Debug|Any CPU
		{5F32C307-7AAE-40B4-B9EB-707D0D905F9F}.Debug|x86.Build.0 = Debug|Any CPU
		{5F32C307-7AAE-40B4-B9EB-707D0D905F9F}.Release|Any CPU.ActiveCfg = Release|Any CPU
		{5F32C307-7AAE-40B4-B9EB-707D0D905F9F}.Release|Any CPU.Build.0 = Release|Any CPU
		{5F32C307-7AAE-40B4-B9EB-707D0D905F9F}.Release|x64.ActiveCfg = Release|Any CPU
		{5F32C307-7AAE-40B4-B9EB-707D0D905F9F}.Release|x64.Build.0 = Release|Any CPU
		{5F32C307-7AAE-40B4-B9EB-707D0D905F9F}.Release|x86.ActiveCfg = Release|Any CPU
		{5F32C307-7AAE-40B4-B9EB-707D0D905F9F}.Release|x86.Build.0 = Release|Any CPU
	EndGlobalSection
	GlobalSection(SolutionProperties) = preSolution
		HideSolutionNode = FALSE
	EndGlobalSection
	GlobalSection(ExtensibilityGlobals) = postSolution
		SolutionGuid = {EA92FDAF-3CFD-48A8-86DB-4C179B9B1241}
	EndGlobalSection
EndGlobal
